{
  "lib/chainlink-ccip": {
    "rev": "bbab0601244ce58e2ffac0dbc178a80aab1fa4a3"
  },
  "lib/chainlink-local": {
    "tag": {
      "name": "v0.2.7-beta",
      "rev": "585ae93ebb0e92d35c732711ed16bb4729cb04dc"
    }
  },
  "lib/forge-std": {
    "tag": {
      "name": "v1.12.0",
      "rev": "7117c90c8cf6c68e5acce4f09a6b24715cea4de6"
    }
  }
}